
Microsoft Visual Studio Solution File, Format Version 12.00
# Visual Studio Version 17
VisualStudioVersion = 17.0.31612.314
MinimumVisualStudioVersion = 10.0.40219.1
Project("{9A19103F-16F7-4668-BE54-9A1E7A4F7556}") = "Electrophorus", "Electrophorus\Electrophorus.csproj", "{F4480046-9FE1-4304-9F3B-114FDB27609E}"
EndProject
Project("{9A19103F-16F7-4668-BE54-9A1E7A4F7556}") = "Electrophorus.Rendering", "Electrophorus.Rendering\Electrophorus.Rendering.csproj", "{84F6CCD7-E43D-4684-B24F-818BDBBCAF2B}"
EndProject
Project("{9A19103F-16F7-4668-BE54-9A1E7A4F7556}") = "SharpCircuit", "SharpCircuits\SharpCircuit.csproj", "{F2767806-65FF-4D81-A6BF-094BA12E34C7}"
EndProject
Global
	GlobalSection(SolutionConfigurationPlatforms) = preSolution
		Debug|Any CPU = Debug|Any CPU
		Release|Any CPU = Release|Any CPU
	EndGlobalSection
	GlobalSection(ProjectConfigurationPlatforms) = postSolution
		{F4480046-9FE1-4304-9F3B-114FDB27609E}.Debug|Any CPU.ActiveCfg = Debug|Any CPU
		{F4480046-9FE1-4304-9F3B-114FDB27609E}.Debug|Any CPU.Build.0 = Debug|Any CPU
		{F4480046-9FE1-4304-9F3B-114FDB27609E}.Release|Any CPU.ActiveCfg = Release|Any CPU
		{F4480046-9FE1-4304-9F3B-114FDB27609E}.Release|Any CPU.Build.0 = Release|Any CPU
		{84F6CCD7-E43D-4684-B24F-818BDBBCAF2B}.Debug|Any CPU.ActiveCfg = Debug|Any CPU
		{84F6CCD7-E43D-4684-B24F-818BDBBCAF2B}.Debug|Any CPU.Build.0 = Debug|Any CPU
		{84F6CCD7-E43D-4684-B24F-818BDBBCAF2B}.Release|Any CPU.ActiveCfg = Release|Any CPU
		{84F6CCD7-E43D-4684-B24F-818BDBBCAF2B}.Release|Any CPU.Build.0 = Release|Any CPU
		{F2767806-65FF-4D81-A6BF-094BA12E34C7}.Debug|Any CPU.ActiveCfg = Debug|Any CPU
		{F2767806-65FF-4D81-A6BF-094BA12E34C7}.Debug|Any CPU.Build.0 = Debug|Any CPU
		{F2767806-65FF-4D81-A6BF-094BA12E34C7}.Release|Any CPU.ActiveCfg = Release|Any CPU
		{F2767806-65FF-4D81-A6BF-094BA12E34C7}.Release|Any CPU.Build.0 = Release|Any CPU
	EndGlobalSection
	GlobalSection(SolutionProperties) = preSolution
		HideSolutionNode = FALSE
	EndGlobalSection
	GlobalSection(ExtensibilityGlobals) = postSolution
		SolutionGuid = {980695A3-313C-4A0B-BA33-295206210F49}
	EndGlobalSection
EndGlobal
